
Microsoft Visual Studio Solution File, Format Version 12.00
# Visual Studio Version 16
VisualStudioVersion = 16.0.32126.315
MinimumVisualStudioVersion = 10.0.40219.1
Project("{9A19103F-16F7-4668-BE54-9A1E7A4F7556}") = "AutorepairShopView", "AutorepairShopView.csproj", "{F94DA1E9-9C5D-4056-8BBE-9F4D3415A4F8}"
EndProject
Project("{9A19103F-16F7-4668-BE54-9A1E7A4F7556}") = "AutorepairShopContracts", "..\AutorepairShopContracts\AutorepairShopContracts.csproj", "{CCC5DDF8-1611-4C3E-8636-DEDD10091115}"
EndProject
Project("{9A19103F-16F7-4668-BE54-9A1E7A4F7556}") = "AutorepairShopBusinessLogic", "..\AutorepairShopBusinessLogic\AutorepairShopBusinessLogic.csproj", "{BF0C169B-8A1B-48DD-B47B-E2C57C70C54B}"
EndProject
Project("{9A19103F-16F7-4668-BE54-9A1E7A4F7556}") = "AutorepairShopListImplement", "..\AutorepairShopListImplement\AutorepairShopListImplement.csproj", "{586260EA-CF31-43AB-8C00-D713B10DEDCE}"
EndProject
Project("{9A19103F-16F7-4668-BE54-9A1E7A4F7556}") = "AutorepairShopFileImplement", "..\AutorepairShopFileImplement\AutorepairShopFileImplement.csproj", "{58817556-1E9F-4419-A22F-CB410DAAC03F}"
EndProject
Project("{FAE04EC0-301F-11D3-BF4B-00C04F79EFBC}") = "AutorepairShopDatabaseImplement", "..\AutorepairShopDatabaseImplement\AutorepairShopDatabaseImplement.csproj", "{0681897C-506E-41FB-AA9D-FA10181F58C4}"
EndProject
Global
	GlobalSection(SolutionConfigurationPlatforms) = preSolution
		Debug|Any CPU = Debug|Any CPU
		Release|Any CPU = Release|Any CPU
	EndGlobalSection
	GlobalSection(ProjectConfigurationPlatforms) = postSolution
		{F94DA1E9-9C5D-4056-8BBE-9F4D3415A4F8}.Debug|Any CPU.ActiveCfg = Debug|Any CPU
		{F94DA1E9-9C5D-4056-8BBE-9F4D3415A4F8}.Debug|Any CPU.Build.0 = Debug|Any CPU
		{F94DA1E9-9C5D-4056-8BBE-9F4D3415A4F8}.Release|Any CPU.ActiveCfg = Release|Any CPU
		{F94DA1E9-9C5D-4056-8BBE-9F4D3415A4F8}.Release|Any CPU.Build.0 = Release|Any CPU
		{CCC5DDF8-1611-4C3E-8636-DEDD10091115}.Debug|Any CPU.ActiveCfg = Debug|Any CPU
		{CCC5DDF8-1611-4C3E-8636-DEDD10091115}.Debug|Any CPU.Build.0 = Debug|Any CPU
		{CCC5DDF8-1611-4C3E-8636-DEDD10091115}.Release|Any CPU.ActiveCfg = Release|Any CPU
		{CCC5DDF8-1611-4C3E-8636-DEDD10091115}.Release|Any CPU.Build.0 = Release|Any CPU
		{BF0C169B-8A1B-48DD-B47B-E2C57C70C54B}.Debug|Any CPU.ActiveCfg = Debug|Any CPU
		{BF0C169B-8A1B-48DD-B47B-E2C57C70C54B}.Debug|Any CPU.Build.0 = Debug|Any CPU
		{BF0C169B-8A1B-48DD-B47B-E2C57C70C54B}.Release|Any CPU.ActiveCfg = Release|Any CPU
		{BF0C169B-8A1B-48DD-B47B-E2C57C70C54B}.Release|Any CPU.Build.0 = Release|Any CPU
		{586260EA-CF31-43AB-8C00-D713B10DEDCE}.Debug|Any CPU.ActiveCfg = Debug|Any CPU
		{586260EA-CF31-43AB-8C00-D713B10DEDCE}.Debug|Any CPU.Build.0 = Debug|Any CPU
		{586260EA-CF31-43AB-8C00-D713B10DEDCE}.Release|Any CPU.ActiveCfg = Release|Any CPU
		{586260EA-CF31-43AB-8C00-D713B10DEDCE}.Release|Any CPU.Build.0 = Release|Any CPU
		{58817556-1E9F-4419-A22F-CB410DAAC03F}.Debug|Any CPU.ActiveCfg = Debug|Any CPU
		{58817556-1E9F-4419-A22F-CB410DAAC03F}.Debug|Any CPU.Build.0 = Debug|Any CPU
		{58817556-1E9F-4419-A22F-CB410DAAC03F}.Release|Any CPU.ActiveCfg = Release|Any CPU
		{58817556-1E9F-4419-A22F-CB410DAAC03F}.Release|Any CPU.Build.0 = Release|Any CPU
		{0681897C-506E-41FB-AA9D-FA10181F58C4}.Debug|Any CPU.ActiveCfg = Debug|Any CPU
		{0681897C-506E-41FB-AA9D-FA10181F58C4}.Debug|Any CPU.Build.0 = Debug|Any CPU
		{0681897C-506E-41FB-AA9D-FA10181F58C4}.Release|Any CPU.ActiveCfg = Release|Any CPU
		{0681897C-506E-41FB-AA9D-FA10181F58C4}.Release|Any CPU.Build.0 = Release|Any CPU
	EndGlobalSection
	GlobalSection(SolutionProperties) = preSolution
		HideSolutionNode = FALSE
	EndGlobalSection
	GlobalSection(ExtensibilityGlobals) = postSolution
		SolutionGuid = {D467AEAD-A471-41B9-BFFB-BA5778C9287C}
	EndGlobalSection
EndGlobal
